
Microsoft Visual Studio Solution File, Format Version 12.00
# Visual Studio Version 16
VisualStudioVersion = 16.0.31605.320
MinimumVisualStudioVersion = 10.0.40219.1
Project("{FAE04EC0-301F-11D3-BF4B-00C04F79EFBC}") = "WebP1", "WebP1\WebP1.csproj", "{688622E3-BC0D-4AD6-AAF5-D4B6262F5EC1}"
EndProject
Global
	GlobalSection(SolutionConfigurationPlatforms) = preSolution
		Debug|Any CPU = Debug|Any CPU
		Release|Any CPU = Release|Any CPU
	EndGlobalSection
	GlobalSection(ProjectConfigurationPlatforms) = postSolution
		{688622E3-BC0D-4AD6-AAF5-D4B6262F5EC1}.Debug|Any CPU.ActiveCfg = Debug|Any CPU
		{688622E3-BC0D-4AD6-AAF5-D4B6262F5EC1}.Debug|Any CPU.Build.0 = Debug|Any CPU
		{688622E3-BC0D-4AD6-AAF5-D4B6262F5EC1}.Release|Any CPU.ActiveCfg = Release|Any CPU
		{688622E3-BC0D-4AD6-AAF5-D4B6262F5EC1}.Release|Any CPU.Build.0 = Release|Any CPU
	EndGlobalSection
	GlobalSection(SolutionProperties) = preSolution
		HideSolutionNode = FALSE
	EndGlobalSection
	GlobalSection(ExtensibilityGlobals) = postSolution
		SolutionGuid = {60D78811-11C7-4401-BB82-1A6F7870BC6A}
	EndGlobalSection
EndGlobal
