
Microsoft Visual Studio Solution File, Format Version 12.00
# Visual Studio Version 16
VisualStudioVersion = 16.0.31624.102
MinimumVisualStudioVersion = 10.0.40219.1
Project("{FAE04EC0-301F-11D3-BF4B-00C04F79EFBC}") = "SmartConstruct", "SmartConstruct\SmartConstruct.csproj", "{2D3E8F9E-6440-4C8A-BF2E-054C951FA86C}"
EndProject
Global
	GlobalSection(SolutionConfigurationPlatforms) = preSolution
		Debug|Any CPU = Debug|Any CPU
		Release|Any CPU = Release|Any CPU
	EndGlobalSection
	GlobalSection(ProjectConfigurationPlatforms) = postSolution
		{2D3E8F9E-6440-4C8A-BF2E-054C951FA86C}.Debug|Any CPU.ActiveCfg = Debug|Any CPU
		{2D3E8F9E-6440-4C8A-BF2E-054C951FA86C}.Debug|Any CPU.Build.0 = Debug|Any CPU
		{2D3E8F9E-6440-4C8A-BF2E-054C951FA86C}.Release|Any CPU.ActiveCfg = Release|Any CPU
		{2D3E8F9E-6440-4C8A-BF2E-054C951FA86C}.Release|Any CPU.Build.0 = Release|Any CPU
	EndGlobalSection
	GlobalSection(SolutionProperties) = preSolution
		HideSolutionNode = FALSE
	EndGlobalSection
	GlobalSection(ExtensibilityGlobals) = postSolution
		SolutionGuid = {45CA1446-4B21-40EA-A6EF-067269642AD6}
	EndGlobalSection
EndGlobal
